<?xml version="1.0" encoding="utf-8"?>
<Project ToolsVersion="4.0" xmlns="http://schemas.microsoft.com/developer/msbuild/2003">
  <ItemGroup>
    <ClCompile Include="test.cpp" />
    <ClCompile Include="pch.cpp" />
    <ClCompile Include="src\utils\UtilTest.cpp">
      <Filter>utils</Filter>
    </ClCompile>
    <ClCompile Include="src\veec\TupleTests.cpp">
      <Filter>vec</Filter>
    </ClCompile>
  </ItemGroup>
  <ItemGroup>
    <Filter Include="utils">
      <UniqueIdentifier>{d0614f84-a1fb-4122-bfb6-aa82848feede}</UniqueIdentifier>
    </Filter>
    <Filter Include="vec">
      <UniqueIdentifier>{83bb3fe0-2ea2-4021-986c-5bd5dbbd27c9}</UniqueIdentifier>
    </Filter>
  </ItemGroup>
</Project>