<?xml version="1.0" encoding="utf-8"?>
<Project ToolsVersion="4.0" xmlns="http://schemas.microsoft.com/developer/msbuild/2003">
  <ItemGroup>
    <ClCompile Include="test.cpp" />
    <ClCompile Include="pch.cpp" />
    <ClCompile Include="src\utils\UtilTest.cpp">
      <Filter>utils</Filter>
    </ClCompile>
    <ClCompile Include="src\canvas\CanvasTests.cpp">
      <Filter>canvas</Filter>
    </ClCompile>
    <ClCompile Include="src\vec\ColorTests.cpp">
      <Filter>vec</Filter>
    </ClCompile>
    <ClCompile Include="src\vec\TupleTests.cpp">
      <Filter>vec</Filter>
    </ClCompile>
    <ClCompile Include="src\linalg\MatrixTests.cpp">
      <Filter>linalg</Filter>
    </ClCompile>
    <ClCompile Include="TransformationTests.cpp">
      <Filter>linalg</Filter>
    </ClCompile>
    <ClCompile Include="src\ray\RayTests.cpp">
      <Filter>ray</Filter>
    </ClCompile>
    <ClCompile Include="src\geometry\SphereTests.cpp">
      <Filter>geometry</Filter>
    </ClCompile>
    <ClCompile Include="src\light\LightTests.cpp">
      <Filter>light</Filter>
    </ClCompile>
    <ClCompile Include="src\scene\WorldTests.cpp">
      <Filter>scene</Filter>
    </ClCompile>
    <ClCompile Include="src\camera\CameraTests.cpp">
      <Filter>camera</Filter>
    </ClCompile>
    <ClCompile Include="geometry\PlaneTests.cpp">
      <Filter>geometry</Filter>
    </ClCompile>
    <ClCompile Include="material\PatternTests.cpp">
      <Filter>material</Filter>
    </ClCompile>
  </ItemGroup>
  <ItemGroup>
    <Filter Include="utils">
      <UniqueIdentifier>{d0614f84-a1fb-4122-bfb6-aa82848feede}</UniqueIdentifier>
    </Filter>
    <Filter Include="vec">
      <UniqueIdentifier>{83bb3fe0-2ea2-4021-986c-5bd5dbbd27c9}</UniqueIdentifier>
    </Filter>
    <Filter Include="canvas">
      <UniqueIdentifier>{b0baff5b-fcb1-4d87-957b-c28e10e7cb51}</UniqueIdentifier>
    </Filter>
    <Filter Include="linalg">
      <UniqueIdentifier>{bfdadfee-8b91-40e6-b280-c6467634e3b9}</UniqueIdentifier>
    </Filter>
    <Filter Include="ray">
      <UniqueIdentifier>{748673ee-9d0a-458f-8d70-c85bec40fb1d}</UniqueIdentifier>
    </Filter>
    <Filter Include="geometry">
      <UniqueIdentifier>{a41d1eb0-6456-4647-b62a-5041515f3853}</UniqueIdentifier>
    </Filter>
    <Filter Include="light">
      <UniqueIdentifier>{e4fe6ee1-c82f-4109-9847-5a66825df174}</UniqueIdentifier>
    </Filter>
    <Filter Include="scene">
      <UniqueIdentifier>{469020fb-9043-4762-b1a5-0728d2b459de}</UniqueIdentifier>
    </Filter>
    <Filter Include="camera">
      <UniqueIdentifier>{910dc368-0e56-478a-8065-6d4c4bf0c85b}</UniqueIdentifier>
    </Filter>
    <Filter Include="material">
      <UniqueIdentifier>{494b4e88-d709-45ab-8ec1-3dae33bdd1fb}</UniqueIdentifier>
    </Filter>
  </ItemGroup>
  <ItemGroup>
    <None Include="packages.config" />
  </ItemGroup>
</Project>